
Microsoft Visual Studio Solution File, Format Version 12.00
# Visual Studio Version 17
VisualStudioVersion = 17.5.33530.505
MinimumVisualStudioVersion = 10.0.40219.1
Project("{FAE04EC0-301F-11D3-BF4B-00C04F79EFBC}") = "EnrichmentAPI", "EnrichmentAPI.csproj", "{572874C6-EBDA-4519-857C-72661A008D19}"
EndProject
Global
	GlobalSection(SolutionConfigurationPlatforms) = preSolution
		Debug|Any CPU = Debug|Any CPU
		Release|Any CPU = Release|Any CPU
	EndGlobalSection
	GlobalSection(ProjectConfigurationPlatforms) = postSolution
		{572874C6-EBDA-4519-857C-72661A008D19}.Debug|Any CPU.ActiveCfg = Debug|Any CPU
		{572874C6-EBDA-4519-857C-72661A008D19}.Debug|Any CPU.Build.0 = Debug|Any CPU
		{572874C6-EBDA-4519-857C-72661A008D19}.Release|Any CPU.ActiveCfg = Release|Any CPU
		{572874C6-EBDA-4519-857C-72661A008D19}.Release|Any CPU.Build.0 = Release|Any CPU
	EndGlobalSection
	GlobalSection(SolutionProperties) = preSolution
		HideSolutionNode = FALSE
	EndGlobalSection
	GlobalSection(ExtensibilityGlobals) = postSolution
		SolutionGuid = {F98F39FD-051E-4246-9103-F7E6A9B45AF6}
	EndGlobalSection
EndGlobal
